github.com/dogeyboy1932/goDog v0.0.0-20240730162935-5ad113798333 h1:SVdP8yr8Cr2Gp3qxYdsk1PemtTD3KE7dCqm0LtYCanU=
github.com/dogeyboy1932/goDog v0.0.0-20240730162935-5ad113798333/go.mod h1:uYP2Igg8FkcDKsOuufCk/zu/eqpWgcMWPhA9EzSsj1k=
github.com/dogeyboy1932/goPuppy v0.0.0-20240730165131-6ded70d1e5f0 h1:hVmz0me98nNyJRCGXqXEYIHmwCIS2ijMg7Kvs+YcGJM=
github.com/dogeyboy1932/goPuppy v0.0.0-20240730165131-6ded70d1e5f0/go.mod h1:AxCLVPdnP2/Z6lDvOFg/I5HHIqZVMPaFZyO5K9HOWIs=
